
Microsoft Visual Studio Solution File, Format Version 12.00
# Visual Studio Version 16
VisualStudioVersion = 16.0.31129.286
MinimumVisualStudioVersion = 10.0.40219.1
Project("{FAE04EC0-301F-11D3-BF4B-00C04F79EFBC}") = "Carteira de Investimento", "Carteira de Investimento\Carteira de Investimento.csproj", "{3A3397A9-194C-4120-9D04-794DCDD38CF2}"
EndProject
Project("{FAE04EC0-301F-11D3-BF4B-00C04F79EFBC}") = "CarteiraDeInvestimentos.tests", "CarteiraDeInvestimentos.tests\CarteiraDeInvestimentos.tests.csproj", "{DFBE847B-6BCF-4F8B-A8B7-D65A8B86A4B7}"
EndProject
Global
	GlobalSection(SolutionConfigurationPlatforms) = preSolution
		Debug|Any CPU = Debug|Any CPU
		Release|Any CPU = Release|Any CPU
	EndGlobalSection
	GlobalSection(ProjectConfigurationPlatforms) = postSolution
		{3A3397A9-194C-4120-9D04-794DCDD38CF2}.Debug|Any CPU.ActiveCfg = Debug|Any CPU
		{3A3397A9-194C-4120-9D04-794DCDD38CF2}.Debug|Any CPU.Build.0 = Debug|Any CPU
		{3A3397A9-194C-4120-9D04-794DCDD38CF2}.Release|Any CPU.ActiveCfg = Release|Any CPU
		{3A3397A9-194C-4120-9D04-794DCDD38CF2}.Release|Any CPU.Build.0 = Release|Any CPU
		{DFBE847B-6BCF-4F8B-A8B7-D65A8B86A4B7}.Debug|Any CPU.ActiveCfg = Debug|Any CPU
		{DFBE847B-6BCF-4F8B-A8B7-D65A8B86A4B7}.Debug|Any CPU.Build.0 = Debug|Any CPU
		{DFBE847B-6BCF-4F8B-A8B7-D65A8B86A4B7}.Release|Any CPU.ActiveCfg = Release|Any CPU
		{DFBE847B-6BCF-4F8B-A8B7-D65A8B86A4B7}.Release|Any CPU.Build.0 = Release|Any CPU
	EndGlobalSection
	GlobalSection(SolutionProperties) = preSolution
		HideSolutionNode = FALSE
	EndGlobalSection
	GlobalSection(ExtensibilityGlobals) = postSolution
		SolutionGuid = {1FCAD15D-2E4C-4B71-8C8F-FE1A7C01EE00}
	EndGlobalSection
EndGlobal
